
Microsoft Visual Studio Solution File, Format Version 12.00
# Visual Studio Version 16
VisualStudioVersion = 16.0.32929.386
MinimumVisualStudioVersion = 10.0.40219.1
Project("{FAE04EC0-301F-11D3-BF4B-00C04F79EFBC}") = "29Kasim_DapperProjesi_PerakendeSatis", "29Kasim_DapperProjesi_PerakendeSatis\29Kasim_DapperProjesi_PerakendeSatis.csproj", "{CD33494D-AA65-44BA-B0B0-03F4CE7191CE}"
EndProject
Global
	GlobalSection(SolutionConfigurationPlatforms) = preSolution
		Debug|Any CPU = Debug|Any CPU
		Release|Any CPU = Release|Any CPU
	EndGlobalSection
	GlobalSection(ProjectConfigurationPlatforms) = postSolution
		{CD33494D-AA65-44BA-B0B0-03F4CE7191CE}.Debug|Any CPU.ActiveCfg = Debug|Any CPU
		{CD33494D-AA65-44BA-B0B0-03F4CE7191CE}.Debug|Any CPU.Build.0 = Debug|Any CPU
		{CD33494D-AA65-44BA-B0B0-03F4CE7191CE}.Release|Any CPU.ActiveCfg = Release|Any CPU
		{CD33494D-AA65-44BA-B0B0-03F4CE7191CE}.Release|Any CPU.Build.0 = Release|Any CPU
	EndGlobalSection
	GlobalSection(SolutionProperties) = preSolution
		HideSolutionNode = FALSE
	EndGlobalSection
	GlobalSection(ExtensibilityGlobals) = postSolution
		SolutionGuid = {ACBA52C1-7914-4E25-A360-E2831F7455B5}
	EndGlobalSection
EndGlobal
